{
  "name": "balanceofsatoshis-wrapper",
  "lockfileVersion": 2,
  "requires": true,
  "packages": {
    "": {
      "dependencies": {
        "tini": "^1.0.1"
      }
    },
    "node_modules/tini": {
      "version": "1.0.1",
      "resolved": "https://registry.npmjs.org/tini/-/tini-1.0.1.tgz",
      "integrity": "sha512-778jVYd1rt6vwjqeJ2isA4rxBGyCBjBCRumKbKN6yfJJAjf9MZDpk4a3zwCrU0TyHeKHOYqcYDZpE/4lqRtwvQ=="
    }
  },
  "dependencies": {
    "tini": {
      "version": "1.0.1",
      "resolved": "https://registry.npmjs.org/tini/-/tini-1.0.1.tgz",
      "integrity": "sha512-778jVYd1rt6vwjqeJ2isA4rxBGyCBjBCRumKbKN6yfJJAjf9MZDpk4a3zwCrU0TyHeKHOYqcYDZpE/4lqRtwvQ=="
    }
  }
}
